
Microsoft Visual Studio Solution File, Format Version 12.00
# Visual Studio Version 17
VisualStudioVersion = 17.4.33205.214
MinimumVisualStudioVersion = 10.0.40219.1
Project("{9A19103F-16F7-4668-BE54-9A1E7A4F7556}") = "StepByStepVisualizationWinForm", "StepByStepVisualizationWinForm\StepByStepVisualizationWinForm.csproj", "{0E8E7811-C75E-4EE9-B760-3C1212CB59E0}"
EndProject
Global
	GlobalSection(SolutionConfigurationPlatforms) = preSolution
		Debug|Any CPU = Debug|Any CPU
		Release|Any CPU = Release|Any CPU
	EndGlobalSection
	GlobalSection(ProjectConfigurationPlatforms) = postSolution
		{0E8E7811-C75E-4EE9-B760-3C1212CB59E0}.Debug|Any CPU.ActiveCfg = Debug|Any CPU
		{0E8E7811-C75E-4EE9-B760-3C1212CB59E0}.Debug|Any CPU.Build.0 = Debug|Any CPU
		{0E8E7811-C75E-4EE9-B760-3C1212CB59E0}.Release|Any CPU.ActiveCfg = Release|Any CPU
		{0E8E7811-C75E-4EE9-B760-3C1212CB59E0}.Release|Any CPU.Build.0 = Release|Any CPU
	EndGlobalSection
	GlobalSection(SolutionProperties) = preSolution
		HideSolutionNode = FALSE
	EndGlobalSection
	GlobalSection(ExtensibilityGlobals) = postSolution
		SolutionGuid = {098676EC-02A9-4D3B-950E-9E2D36308EC9}
	EndGlobalSection
EndGlobal
